
Microsoft Visual Studio Solution File, Format Version 12.00
# Visual Studio Version 17
VisualStudioVersion = 17.7.34009.444
MinimumVisualStudioVersion = 10.0.40219.1
Project("{FAE04EC0-301F-11D3-BF4B-00C04F79EFBC}") = "POCMongoDbId", "POCMongoDbId.csproj", "{B059770E-EE0C-4552-819F-A4AF9C9A6FE9}"
EndProject
Project("{FAE04EC0-301F-11D3-BF4B-00C04F79EFBC}") = "POCMongoDBId.Core", "..\POCMongoDBOId.Core\POCMongoDBId.Core.csproj", "{5EE639E3-121B-45D5-8D28-270C0BBF01FA}"
EndProject
Project("{FAE04EC0-301F-11D3-BF4B-00C04F79EFBC}") = "POCMongoDBId.Infrastructure", "..\POCMongoDBId.Infrastructure\POCMongoDBId.Infrastructure.csproj", "{5F33EDEE-581B-4254-821D-076B21EE4046}"
EndProject
Global
	GlobalSection(SolutionConfigurationPlatforms) = preSolution
		Debug|Any CPU = Debug|Any CPU
		Release|Any CPU = Release|Any CPU
	EndGlobalSection
	GlobalSection(ProjectConfigurationPlatforms) = postSolution
		{B059770E-EE0C-4552-819F-A4AF9C9A6FE9}.Debug|Any CPU.ActiveCfg = Debug|Any CPU
		{B059770E-EE0C-4552-819F-A4AF9C9A6FE9}.Debug|Any CPU.Build.0 = Debug|Any CPU
		{B059770E-EE0C-4552-819F-A4AF9C9A6FE9}.Release|Any CPU.ActiveCfg = Release|Any CPU
		{B059770E-EE0C-4552-819F-A4AF9C9A6FE9}.Release|Any CPU.Build.0 = Release|Any CPU
		{5EE639E3-121B-45D5-8D28-270C0BBF01FA}.Debug|Any CPU.ActiveCfg = Debug|Any CPU
		{5EE639E3-121B-45D5-8D28-270C0BBF01FA}.Debug|Any CPU.Build.0 = Debug|Any CPU
		{5EE639E3-121B-45D5-8D28-270C0BBF01FA}.Release|Any CPU.ActiveCfg = Release|Any CPU
		{5EE639E3-121B-45D5-8D28-270C0BBF01FA}.Release|Any CPU.Build.0 = Release|Any CPU
		{5F33EDEE-581B-4254-821D-076B21EE4046}.Debug|Any CPU.ActiveCfg = Debug|Any CPU
		{5F33EDEE-581B-4254-821D-076B21EE4046}.Debug|Any CPU.Build.0 = Debug|Any CPU
		{5F33EDEE-581B-4254-821D-076B21EE4046}.Release|Any CPU.ActiveCfg = Release|Any CPU
		{5F33EDEE-581B-4254-821D-076B21EE4046}.Release|Any CPU.Build.0 = Release|Any CPU
	EndGlobalSection
	GlobalSection(SolutionProperties) = preSolution
		HideSolutionNode = FALSE
	EndGlobalSection
	GlobalSection(ExtensibilityGlobals) = postSolution
		SolutionGuid = {F69B440F-548A-4FA3-A78A-154B0F487C25}
	EndGlobalSection
EndGlobal
